
Microsoft Visual Studio Solution File, Format Version 12.00
# Visual Studio Version 17
VisualStudioVersion = 17.8.34511.84
MinimumVisualStudioVersion = 10.0.40219.1
Project("{FAE04EC0-301F-11D3-BF4B-00C04F79EFBC}") = "James-Fowler-CPT206-A80S-Lab1", "James-Fowler-CPT206-A80S-Lab1.csproj", "{62534EBA-DA1D-4784-9845-7EEC34E53832}"
EndProject
Global
	GlobalSection(SolutionConfigurationPlatforms) = preSolution
		Debug|Any CPU = Debug|Any CPU
		Release|Any CPU = Release|Any CPU
	EndGlobalSection
	GlobalSection(ProjectConfigurationPlatforms) = postSolution
		{62534EBA-DA1D-4784-9845-7EEC34E53832}.Debug|Any CPU.ActiveCfg = Debug|Any CPU
		{62534EBA-DA1D-4784-9845-7EEC34E53832}.Debug|Any CPU.Build.0 = Debug|Any CPU
		{62534EBA-DA1D-4784-9845-7EEC34E53832}.Release|Any CPU.ActiveCfg = Release|Any CPU
		{62534EBA-DA1D-4784-9845-7EEC34E53832}.Release|Any CPU.Build.0 = Release|Any CPU
	EndGlobalSection
	GlobalSection(SolutionProperties) = preSolution
		HideSolutionNode = FALSE
	EndGlobalSection
	GlobalSection(ExtensibilityGlobals) = postSolution
		SolutionGuid = {87641235-73B3-4C16-967E-2F4102EA0A40}
	EndGlobalSection
EndGlobal
